
Microsoft Visual Studio Solution File, Format Version 12.00
# Visual Studio 15
Project("{FAE04EC0-301F-11D3-BF4B-00C04F79EFBC}") = "dotnet_lab2_expenses", "dotnet_lab2_expenses\dotnet_lab2_expenses.csproj", "{7B57A32B-0667-479A-A8C8-E6AE8021744A}"
EndProject
Global
	GlobalSection(SolutionConfigurationPlatforms) = preSolution
		Debug|Any CPU = Debug|Any CPU
		Release|Any CPU = Release|Any CPU
	EndGlobalSection
	GlobalSection(ProjectConfigurationPlatforms) = postSolution
		{7B57A32B-0667-479A-A8C8-E6AE8021744A}.Debug|Any CPU.ActiveCfg = Debug|Any CPU
		{7B57A32B-0667-479A-A8C8-E6AE8021744A}.Debug|Any CPU.Build.0 = Debug|Any CPU
		{7B57A32B-0667-479A-A8C8-E6AE8021744A}.Release|Any CPU.ActiveCfg = Release|Any CPU
		{7B57A32B-0667-479A-A8C8-E6AE8021744A}.Release|Any CPU.Build.0 = Release|Any CPU
	EndGlobalSection
EndGlobal
